
Microsoft Visual Studio Solution File, Format Version 12.00
# Visual Studio 14
VisualStudioVersion = 14.0.25123.0
MinimumVisualStudioVersion = 10.0.40219.1
Project("{FAE04EC0-301F-11D3-BF4B-00C04F79EFBC}") = "TFSExtensibility", "TFSExtensibility\TFSExtensibility.csproj", "{97814ADB-1548-4FA2-8C8D-0064B7152533}"
EndProject
Project("{FAE04EC0-301F-11D3-BF4B-00C04F79EFBC}") = "CustomServerObjectModels", "CustomServerObjectModels\CustomServerObjectModels.csproj", "{D10D96E3-F4C8-43B3-93C6-7BB0B9C7FE66}"
EndProject
Global
	GlobalSection(SolutionConfigurationPlatforms) = preSolution
		Debug|Any CPU = Debug|Any CPU
		Release|Any CPU = Release|Any CPU
	EndGlobalSection
	GlobalSection(ProjectConfigurationPlatforms) = postSolution
		{97814ADB-1548-4FA2-8C8D-0064B7152533}.Debug|Any CPU.ActiveCfg = Debug|Any CPU
		{97814ADB-1548-4FA2-8C8D-0064B7152533}.Debug|Any CPU.Build.0 = Debug|Any CPU
		{97814ADB-1548-4FA2-8C8D-0064B7152533}.Release|Any CPU.ActiveCfg = Release|Any CPU
		{97814ADB-1548-4FA2-8C8D-0064B7152533}.Release|Any CPU.Build.0 = Release|Any CPU
		{D10D96E3-F4C8-43B3-93C6-7BB0B9C7FE66}.Debug|Any CPU.ActiveCfg = Debug|Any CPU
		{D10D96E3-F4C8-43B3-93C6-7BB0B9C7FE66}.Debug|Any CPU.Build.0 = Debug|Any CPU
		{D10D96E3-F4C8-43B3-93C6-7BB0B9C7FE66}.Release|Any CPU.ActiveCfg = Release|Any CPU
		{D10D96E3-F4C8-43B3-93C6-7BB0B9C7FE66}.Release|Any CPU.Build.0 = Release|Any CPU
	EndGlobalSection
	GlobalSection(SolutionProperties) = preSolution
		HideSolutionNode = FALSE
	EndGlobalSection
	GlobalSection(TeamFoundationVersionControl) = preSolution
		SccNumberOfProjects = 3
		SccEnterpriseProvider = {4CA58AB2-18FA-4F8D-95D4-32DDF27D184C}
		SccTeamFoundationServer = http://pro-pggm-manoj:8080/tfs/hands_on
		SccLocalPath0 = .
		SccProjectUniqueName1 = TFSExtensibility\\TFSExtensibility.csproj
		SccProjectName1 = TFSExtensibility
		SccLocalPath1 = TFSExtensibility
		SccProjectUniqueName2 = CustomServerObjectModels\\CustomServerObjectModels.csproj
		SccProjectName2 = CustomServerObjectModels
		SccLocalPath2 = CustomServerObjectModels
	EndGlobalSection
EndGlobal
