
Microsoft Visual Studio Solution File, Format Version 12.00
# Visual Studio 2013
VisualStudioVersion = 12.0.31101.0
MinimumVisualStudioVersion = 10.0.40219.1
Project("{2150E333-8FDC-42A3-9474-1A3956D46DE8}") = "Back-End System", "Back-End System", "{60822A3B-7583-41F6-A326-B8212787F729}"
EndProject
Project("{2150E333-8FDC-42A3-9474-1A3956D46DE8}") = "Front-End System", "Front-End System", "{8FF37F6E-A05F-4D05-B714-61C75F986AE3}"
EndProject
Project("{2150E333-8FDC-42A3-9474-1A3956D46DE8}") = "Common", "Common", "{20F06DBF-67DA-4BE2-8C68-3528611B810A}"
EndProject
Project("{2150E333-8FDC-42A3-9474-1A3956D46DE8}") = "Layer 1", "Layer 1", "{E0E17B47-EEE8-4B04-A2BE-D6D9C9CDBFD4}"
EndProject
Project("{2150E333-8FDC-42A3-9474-1A3956D46DE8}") = "Layer 2", "Layer 2", "{EE304AF2-6862-4AA2-85B5-341874651B53}"
EndProject
Project("{2150E333-8FDC-42A3-9474-1A3956D46DE8}") = "Layer 3", "Layer 3", "{90813817-DBDE-4CAF-8F86-F0E6C4DA8527}"
EndProject
Project("{2150E333-8FDC-42A3-9474-1A3956D46DE8}") = "DAL", "DAL", "{AED005B7-0067-4DD6-981F-C11071FE0315}"
EndProject
Project("{2150E333-8FDC-42A3-9474-1A3956D46DE8}") = "Business", "Business", "{59225BD9-AE43-40D7-B1B4-DBDD01F149FA}"
EndProject
Project("{2150E333-8FDC-42A3-9474-1A3956D46DE8}") = "Services", "Services", "{F08B21B0-559C-4D0D-9A49-23540ED69E4F}"
EndProject
Project("{2150E333-8FDC-42A3-9474-1A3956D46DE8}") = "Layer 4", "Layer 4", "{07213AA9-AA9B-43F6-AEC3-73C797BD3ED6}"
EndProject
Project("{2150E333-8FDC-42A3-9474-1A3956D46DE8}") = "Presentation", "Presentation", "{525660FD-1CC6-477B-9383-4208C22D0CF9}"
EndProject
Project("{2150E333-8FDC-42A3-9474-1A3956D46DE8}") = "Storage", "Storage", "{08046E18-A671-4525-A0EF-D09690059795}"
EndProject
Project("{2150E333-8FDC-42A3-9474-1A3956D46DE8}") = "Data Access", "Data Access", "{69C203C6-740E-4CE2-AFE9-E8A1934F8571}"
EndProject
Project("{2150E333-8FDC-42A3-9474-1A3956D46DE8}") = "Interfaces", "Interfaces", "{A2DB0C14-4310-429A-B6E4-49B3452B5377}"
EndProject
Project("{2150E333-8FDC-42A3-9474-1A3956D46DE8}") = "Implementations", "Implementations", "{3CBE4CC6-2083-4DA6-8CD8-2BDCD4F06623}"
EndProject
Project("{2150E333-8FDC-42A3-9474-1A3956D46DE8}") = "Interfaces", "Interfaces", "{1F401852-0A0A-4390-A30C-3F4065954DA4}"
EndProject
Project("{2150E333-8FDC-42A3-9474-1A3956D46DE8}") = "Implementations", "Implementations", "{0633AB3B-4D75-4EF8-94E3-5690B73E1B99}"
EndProject
Project("{2150E333-8FDC-42A3-9474-1A3956D46DE8}") = "Interfaces", "Interfaces", "{F67D745F-AC28-4E4D-9A25-FA1FDD5523C7}"
EndProject
Project("{2150E333-8FDC-42A3-9474-1A3956D46DE8}") = "Implementations", "Implementations", "{077A7585-75B5-46DF-8D8D-56EC96706D4F}"
EndProject
Project("{2150E333-8FDC-42A3-9474-1A3956D46DE8}") = "Contracts", "Contracts", "{A3A9036E-6459-4E5E-94EA-8BAF3334392B}"
EndProject
Project("{2150E333-8FDC-42A3-9474-1A3956D46DE8}") = "Data", "Data", "{E5967CCF-F9C0-4869-92B7-10F259FF6E5E}"
EndProject
Project("{2150E333-8FDC-42A3-9474-1A3956D46DE8}") = "Faults", "Faults", "{54EB34A2-23D8-4537-81E3-5E76190E001F}"
EndProject
Project("{2150E333-8FDC-42A3-9474-1A3956D46DE8}") = "Services", "Services", "{EB6FDFBB-C5CB-4D4B-8DF6-2EF73980CEF6}"
EndProject
Project("{2150E333-8FDC-42A3-9474-1A3956D46DE8}") = "Implementations", "Implementations", "{3A42E9A5-0804-4851-8AB3-DCD185A0E22D}"
EndProject
Project("{2150E333-8FDC-42A3-9474-1A3956D46DE8}") = "Hosting", "Hosting", "{AB3B38BE-19D4-4854-98BB-9DD01D8F27F1}"
EndProject
Project("{2150E333-8FDC-42A3-9474-1A3956D46DE8}") = "DI and IoC", "DI and IoC", "{1853E6C5-DA26-43F3-A47D-7D18DE0904AF}"
EndProject
Project("{2150E333-8FDC-42A3-9474-1A3956D46DE8}") = "Interfaces", "Interfaces", "{7AD52328-343B-4253-A84B-8D4054B927E7}"
EndProject
Project("{2150E333-8FDC-42A3-9474-1A3956D46DE8}") = "Implementations", "Implementations", "{D3DA56F2-8C6D-469C-B376-73EC2A8DA03E}"
EndProject
Project("{2150E333-8FDC-42A3-9474-1A3956D46DE8}") = "RichWeb", "RichWeb", "{27238900-43C8-451D-9108-6FEFF67545C1}"
EndProject
Project("{2150E333-8FDC-42A3-9474-1A3956D46DE8}") = "Proxies", "Proxies", "{57B69F2F-8E04-45AF-92E2-05A45E6B0405}"
EndProject
Project("{2150E333-8FDC-42A3-9474-1A3956D46DE8}") = "Extensibility", "Extensibility", "{D706BA5B-1FDC-4CE3-B95A-63BE9F908372}"
EndProject
Project("{2150E333-8FDC-42A3-9474-1A3956D46DE8}") = "Extensibility", "Extensibility", "{1ABD7132-719B-4CB1-B463-FAD9CBFC61B4}"
EndProject
Project("{FAE04EC0-301F-11D3-BF4B-00C04F79EFBC}") = "Aditi.Libraries.SOA.Contracts.Data", "Aditi.Libraries.SOA.Contracts.Data\Aditi.Libraries.SOA.Contracts.Data.csproj", "{EEA98980-E935-47F3-863A-751CCF18B140}"
EndProject
Project("{FAE04EC0-301F-11D3-BF4B-00C04F79EFBC}") = "Aditi.Libraries.Storage.Interfaces", "Aditi.Libraries.Storage.Interfaces\Aditi.Libraries.Storage.Interfaces.csproj", "{2ECFEC7B-C2BF-4F25-A001-8603AA380999}"
EndProject
Project("{FAE04EC0-301F-11D3-BF4B-00C04F79EFBC}") = "Aditi.Libraries.Storage.Impl.SqlServer", "Aditi.Libraries.Storage.Impl.SqlServer\Aditi.Libraries.Storage.Impl.SqlServer.csproj", "{29117925-DCB3-4774-ADD7-A44F11687E2A}"
EndProject
Project("{FAE04EC0-301F-11D3-BF4B-00C04F79EFBC}") = "Aditi.Libraries.DataAccess.Interfaces", "Aditi.Libraries.DataAccess.Interfaces\Aditi.Libraries.DataAccess.Interfaces.csproj", "{32CBF753-F2DF-440B-913C-B726ECE777E0}"
EndProject
Project("{FAE04EC0-301F-11D3-BF4B-00C04F79EFBC}") = "Aditi.Libraries.DataAccess.Impl", "Aditi.Libraries.DataAccess.Impl\Aditi.Libraries.DataAccess.Impl.csproj", "{D357D823-0379-46AF-9A87-5A551893ECC5}"
EndProject
Project("{FAE04EC0-301F-11D3-BF4B-00C04F79EFBC}") = "Aditi.Libraries.SOA.Contracts.Faults", "Aditi.Libraries.SOA.Contracts.Faults\Aditi.Libraries.SOA.Contracts.Faults.csproj", "{8E8B001B-7F4D-4A55-903E-9048195FA6F8}"
EndProject
Project("{FAE04EC0-301F-11D3-BF4B-00C04F79EFBC}") = "Aditi.Libraries.Business.Interfaces", "Aditi.Libraries.Business.Interfaces\Aditi.Libraries.Business.Interfaces.csproj", "{F5802D89-0D10-4F39-BBCF-1D23ACA3B5D1}"
EndProject
Project("{FAE04EC0-301F-11D3-BF4B-00C04F79EFBC}") = "Aditi.Libraries.Business.Impl", "Aditi.Libraries.Business.Impl\Aditi.Libraries.Business.Impl.csproj", "{D512B82C-3A3E-4F3E-BC82-4FF96686B70E}"
EndProject
Project("{FAE04EC0-301F-11D3-BF4B-00C04F79EFBC}") = "Aditi.Libraries.SOA.Contracts.Services", "Aditi.Libraries.SOA.Contracts.Services\Aditi.Libraries.SOA.Contracts.Services.csproj", "{982A1548-1098-44F4-8CC6-66546C72DDB4}"
EndProject
Project("{FAE04EC0-301F-11D3-BF4B-00C04F79EFBC}") = "Aditi.Libraries.SOA.Impl", "Aditi.Libraries.SOA.Impl\Aditi.Libraries.SOA.Impl.csproj", "{F5B83CAA-3B58-4F70-AC5E-33016E160D0E}"
EndProject
Project("{E24C65DC-7377-472B-9ABA-BC803B73C61A}") = "AditiSOAServices", "http://localhost:64038", "{01639539-B295-4149-BEA0-BB51A0F507DA}"
	ProjectSection(WebsiteProperties) = preProject
		UseIISExpress = "true"
		TargetFrameworkMoniker = ".NETFramework,Version%3Dv4.5"
		ProjectReferences = "{d512b82c-3a3e-4f3e-bc82-4ff96686b70e}|Aditi.Libraries.Business.Impl.dll;{F5802D89-0D10-4F39-BBCF-1D23ACA3B5D1}|Aditi.Libraries.Business.Interfaces.dll;{EEA98980-E935-47F3-863A-751CCF18B140}|Aditi.Libraries.SOA.Contracts.Data.dll;{8E8B001B-7F4D-4A55-903E-9048195FA6F8}|Aditi.Libraries.SOA.Contracts.Faults.dll;{32CBF753-F2DF-440B-913C-B726ECE777E0}|Aditi.Libraries.DataAccess.Interfaces.dll;{d357d823-0379-46af-9a87-5a551893ecc5}|Aditi.Libraries.DataAccess.Impl.dll;{2ECFEC7B-C2BF-4F25-A001-8603AA380999}|Aditi.Libraries.Storage.Interfaces.dll;{f5b83caa-3b58-4f70-ac5e-33016e160d0e}|Aditi.Libraries.SOA.Impl.dll;{982A1548-1098-44F4-8CC6-66546C72DDB4}|Aditi.Libraries.SOA.Contracts.Services.dll;{29117925-dcb3-4774-add7-a44f11687e2a}|Aditi.Libraries.Storage.Impl.SqlServer.dll;{1fa0ff2f-e772-47da-bff5-8076c7992cfe}|Aditi.Libraries.DI.Impl.dll;{D0463052-FEA1-4B4B-A157-B9D7D31D562A}|Aditi.Libraries.DI.Interfaces.dll;{b0e70abd-6fc4-48a7-b642-e3b4aeae7313}|Aditi.Libraries.SOA.Extensibility.dll;"
		Debug.AspNetCompiler.VirtualPath = "/localhost_64038"
		Debug.AspNetCompiler.PhysicalPath = "AditiSOAServices\"
		Debug.AspNetCompiler.TargetPath = "PrecompiledWeb\localhost_64038\"
		Debug.AspNetCompiler.Updateable = "true"
		Debug.AspNetCompiler.ForceOverwrite = "true"
		Debug.AspNetCompiler.FixedNames = "false"
		Debug.AspNetCompiler.Debug = "True"
		Release.AspNetCompiler.VirtualPath = "/localhost_64038"
		Release.AspNetCompiler.PhysicalPath = "AditiSOAServices\"
		Release.AspNetCompiler.TargetPath = "PrecompiledWeb\localhost_64038\"
		Release.AspNetCompiler.Updateable = "true"
		Release.AspNetCompiler.ForceOverwrite = "true"
		Release.AspNetCompiler.FixedNames = "false"
		Release.AspNetCompiler.Debug = "False"
		SlnRelativePath = "AditiSOAServices\"
		DefaultWebSiteLanguage = "Visual C#"
	EndProjectSection
EndProject
Project("{FAE04EC0-301F-11D3-BF4B-00C04F79EFBC}") = "Aditi.Libraries.DI.Interfaces", "Aditi.Libraries.DI.Interfaces\Aditi.Libraries.DI.Interfaces.csproj", "{D0463052-FEA1-4B4B-A157-B9D7D31D562A}"
EndProject
Project("{FAE04EC0-301F-11D3-BF4B-00C04F79EFBC}") = "Aditi.Libraries.DI.Impl", "Aditi.Libraries.DI.Impl\Aditi.Libraries.DI.Impl.csproj", "{1FA0FF2F-E772-47DA-BFF5-8076C7992CFE}"
EndProject
Project("{FAE04EC0-301F-11D3-BF4B-00C04F79EFBC}") = "Aditi.Libraries.SOA.Extensibility", "Aditi.Libraries.SOA.Extensibility\Aditi.Libraries.SOA.Extensibility.csproj", "{B0E70ABD-6FC4-48A7-B642-E3B4AEAE7313}"
EndProject
Project("{FAE04EC0-301F-11D3-BF4B-00C04F79EFBC}") = "Aditi.Libraries.SOA.Proxies", "Aditi.Libraries.SOA.Proxies\Aditi.Libraries.SOA.Proxies.csproj", "{76E8F5AA-C894-4C95-BFE7-973AE99EAD5F}"
EndProject
Project("{2150E333-8FDC-42A3-9474-1A3956D46DE8}") = "Tests", "Tests", "{4CBF3572-2282-424F-BD38-3A7411F7561A}"
EndProject
Project("{FAE04EC0-301F-11D3-BF4B-00C04F79EFBC}") = "Aditi.Libraries.SOA.Proxies.Tests", "Aditi.Libraries.SOA.Proxies.Tests\Aditi.Libraries.SOA.Proxies.Tests.csproj", "{34BEB9ED-57B4-4FCB-97A7-6F29346243F4}"
EndProject
Project("{FAE04EC0-301F-11D3-BF4B-00C04F79EFBC}") = "AditiRichWebUI", "AditiRichWebUI\AditiRichWebUI.csproj", "{B8870F73-80B6-421A-825C-CAD253332D77}"
EndProject
Project("{2150E333-8FDC-42A3-9474-1A3956D46DE8}") = "Controller Interfaces", "Controller Interfaces", "{9028DAB4-AE8A-4209-BEF4-48AA9D85223A}"
EndProject
Project("{FAE04EC0-301F-11D3-BF4B-00C04F79EFBC}") = "Aditi.Libraries.Web.Controller.Interfaces", "Aditi.Libraries.Web.Controller.Interfaces\Aditi.Libraries.Web.Controller.Interfaces.csproj", "{F29FB554-E678-4545-A585-FF2D341740CC}"
EndProject
Project("{FAE04EC0-301F-11D3-BF4B-00C04F79EFBC}") = "Aditi.Libraries.Web.Extensibility", "Aditi.Libraries.Web.Extensibility\Aditi.Libraries.Web.Extensibility.csproj", "{7565C14B-521F-47A0-8039-3391D5D729FF}"
EndProject
Project("{2150E333-8FDC-42A3-9474-1A3956D46DE8}") = "Model Metadata", "Model Metadata", "{2F2BC5F6-E1B9-416E-8473-975B201054B8}"
EndProject
Project("{2150E333-8FDC-42A3-9474-1A3956D46DE8}") = "Model Providers", "Model Providers", "{569D6DB8-7975-4008-97CA-CBE919B5578C}"
EndProject
Project("{FAE04EC0-301F-11D3-BF4B-00C04F79EFBC}") = "Aditi.Libraries.Web.Models.Metadata", "Aditi.Libraries.Web.Models.Metadata\Aditi.Libraries.Web.Models.Metadata.csproj", "{D5E316F9-FAF7-4BE4-A2EF-C87BF7D93DD3}"
EndProject
Project("{FAE04EC0-301F-11D3-BF4B-00C04F79EFBC}") = "Aditi.Libraries.Web.Models.Providers", "Aditi.Libraries.Web.Models.Providers\Aditi.Libraries.Web.Models.Providers.csproj", "{C6986EAD-8F63-44B8-871C-B47AD28623E2}"
EndProject
Project("{E24C65DC-7377-472B-9ABA-BC803B73C61A}") = "AditiCRMServices", "https://ramasuspc/AditiCRMServices", "{512B2281-1850-440A-B9A1-A99BC78C7058}"
	ProjectSection(WebsiteProperties) = preProject
		UseIISExpress = "false"
		TargetFrameworkMoniker = ".NETFramework,Version%3Dv4.5"
		ProjectReferences = "{d512b82c-3a3e-4f3e-bc82-4ff96686b70e}|Aditi.Libraries.Business.Impl.dll;{F5802D89-0D10-4F39-BBCF-1D23ACA3B5D1}|Aditi.Libraries.Business.Interfaces.dll;{EEA98980-E935-47F3-863A-751CCF18B140}|Aditi.Libraries.SOA.Contracts.Data.dll;{8E8B001B-7F4D-4A55-903E-9048195FA6F8}|Aditi.Libraries.SOA.Contracts.Faults.dll;{32CBF753-F2DF-440B-913C-B726ECE777E0}|Aditi.Libraries.DataAccess.Interfaces.dll;{d357d823-0379-46af-9a87-5a551893ecc5}|Aditi.Libraries.DataAccess.Impl.dll;{2ECFEC7B-C2BF-4F25-A001-8603AA380999}|Aditi.Libraries.Storage.Interfaces.dll;{1fa0ff2f-e772-47da-bff5-8076c7992cfe}|Aditi.Libraries.DI.Impl.dll;{D0463052-FEA1-4B4B-A157-B9D7D31D562A}|Aditi.Libraries.DI.Interfaces.dll;{f5b83caa-3b58-4f70-ac5e-33016e160d0e}|Aditi.Libraries.SOA.Impl.dll;{982A1548-1098-44F4-8CC6-66546C72DDB4}|Aditi.Libraries.SOA.Contracts.Services.dll;{29117925-dcb3-4774-add7-a44f11687e2a}|Aditi.Libraries.Storage.Impl.SqlServer.dll;{b0e70abd-6fc4-48a7-b642-e3b4aeae7313}|Aditi.Libraries.SOA.Extensibility.dll;{00b7b933-e7d0-46f9-a8df-fe5bcc4d82b2}|Aditi.Libraries.SOA.Security.Authentication.dll;{165bc356-6d3b-4824-9335-edd5669c2c43}|Aditi.Libraries.SOA.Security.Authorization.dll;"
		Debug.AspNetCompiler.VirtualPath = "/AditiCRMServices"
		Debug.AspNetCompiler.PhysicalPath = "AditiCRMServices\"
		Debug.AspNetCompiler.TargetPath = "PrecompiledWeb\AditiCRMServices\"
		Debug.AspNetCompiler.Updateable = "true"
		Debug.AspNetCompiler.ForceOverwrite = "true"
		Debug.AspNetCompiler.FixedNames = "false"
		Debug.AspNetCompiler.Debug = "True"
		Release.AspNetCompiler.VirtualPath = "/AditiCRMServices"
		Release.AspNetCompiler.PhysicalPath = "AditiCRMServices\"
		Release.AspNetCompiler.TargetPath = "PrecompiledWeb\AditiCRMServices\"
		Release.AspNetCompiler.Updateable = "true"
		Release.AspNetCompiler.ForceOverwrite = "true"
		Release.AspNetCompiler.FixedNames = "false"
		Release.AspNetCompiler.Debug = "False"
		SlnRelativePath = "AditiCRMServices\"
		DefaultWebSiteLanguage = "Visual C#"
	EndProjectSection
EndProject
Project("{2150E333-8FDC-42A3-9474-1A3956D46DE8}") = "Security", "Security", "{D5CADADB-635D-4636-83FB-371250734E19}"
EndProject
Project("{2150E333-8FDC-42A3-9474-1A3956D46DE8}") = "Authentication", "Authentication", "{3E5B9B17-7DF5-4404-A1BD-5727176B0E14}"
EndProject
Project("{2150E333-8FDC-42A3-9474-1A3956D46DE8}") = "Authorization", "Authorization", "{3E0102A7-9D15-4BF5-8D6F-0237E781B995}"
EndProject
Project("{FAE04EC0-301F-11D3-BF4B-00C04F79EFBC}") = "Aditi.Libraries.SOA.Security.Authentication", "Aditi.Libraries.SOA.Security.Authentication\Aditi.Libraries.SOA.Security.Authentication.csproj", "{00B7B933-E7D0-46F9-A8DF-FE5BCC4D82B2}"
EndProject
Project("{FAE04EC0-301F-11D3-BF4B-00C04F79EFBC}") = "Aditi.Libraries.SOA.Security.Authorization", "Aditi.Libraries.SOA.Security.Authorization\Aditi.Libraries.SOA.Security.Authorization.csproj", "{165BC356-6D3B-4824-9335-EDD5669C2C43}"
EndProject
Project("{2150E333-8FDC-42A3-9474-1A3956D46DE8}") = "Proxy Extensions", "Proxy Extensions", "{0930776D-A4A0-4FA7-AD4B-DC832A990C58}"
EndProject
Project("{FAE04EC0-301F-11D3-BF4B-00C04F79EFBC}") = "Aditi.Libraries.SOA.Proxies.Extensions", "Aditi.Libraries.SOA.Proxies.Extensions\Aditi.Libraries.SOA.Proxies.Extensions.csproj", "{6481FC79-ADE3-41DB-A13A-D852402A5F00}"
EndProject
Project("{2150E333-8FDC-42A3-9474-1A3956D46DE8}") = "Filter Providers", "Filter Providers", "{85F3FBE8-521E-4D2D-902C-A59935136980}"
EndProject
Project("{FAE04EC0-301F-11D3-BF4B-00C04F79EFBC}") = "Aditi.Libraries.Web.Extensibility.Filters", "Aditi.Libraries.Web.Extensibility.Filters\Aditi.Libraries.Web.Extensibility.Filters.csproj", "{6C5720E1-E1C6-40B4-B8A8-C4A1E0F6B895}"
EndProject
Project("{2150E333-8FDC-42A3-9474-1A3956D46DE8}") = "Caching", "Caching", "{297843D7-78B2-4228-B8A0-AB69EEB15AB4}"
EndProject
Project("{FAE04EC0-301F-11D3-BF4B-00C04F79EFBC}") = "Aditi.Libraries.Web.Extensibility.Interfaces", "Aditi.Libraries.Web.Extensibility.Interfaces\Aditi.Libraries.Web.Extensibility.Interfaces.csproj", "{F108AB44-AA06-474E-9B56-9EC72F42486B}"
EndProject
Project("{FAE04EC0-301F-11D3-BF4B-00C04F79EFBC}") = "Aditi.Libraries.Web.Extensibility.Impl", "Aditi.Libraries.Web.Extensibility.Impl\Aditi.Libraries.Web.Extensibility.Impl.csproj", "{1533416D-E37B-47A6-9AC5-12BD0D0766EF}"
EndProject
Project("{FAE04EC0-301F-11D3-BF4B-00C04F79EFBC}") = "CRMSystemWebAPI", "CRMSystemWebAPI\CRMSystemWebAPI.csproj", "{EA61066B-156F-498D-A346-08DF587CD11E}"
EndProject
Project("{2150E333-8FDC-42A3-9474-1A3956D46DE8}") = "Web API", "Web API", "{D387CF43-2919-417D-92AC-027C65F7CB46}"
EndProject
Project("{2150E333-8FDC-42A3-9474-1A3956D46DE8}") = "Extensibility", "Extensibility", "{A5EC9AEE-4684-41FE-B896-553166B9F00C}"
EndProject
Project("{2150E333-8FDC-42A3-9474-1A3956D46DE8}") = "DI and IoC", "DI and IoC", "{BAD5018D-EA91-43CB-8137-B6F35C2A7277}"
EndProject
Project("{FAE04EC0-301F-11D3-BF4B-00C04F79EFBC}") = "Aditi.Libraries.WebAPI.Extensibility.DI", "Aditi.Libraries.WebAPI.Extensibility.DI\Aditi.Libraries.WebAPI.Extensibility.DI.csproj", "{B52C8725-5F48-4D47-A3B4-78B27A74EE52}"
EndProject
Project("{2150E333-8FDC-42A3-9474-1A3956D46DE8}") = "Interfaces", "Interfaces", "{B980D306-8D06-42B2-A310-43B46BF3BDFE}"
EndProject
Project("{FAE04EC0-301F-11D3-BF4B-00C04F79EFBC}") = "Aditi.Libraries.Web.Api.Interfaces", "Aditi.Libraries.Web.Api.Interfaces\Aditi.Libraries.Web.Api.Interfaces.csproj", "{BB63A0FA-1224-4B8E-8E22-284032BD3078}"
EndProject
Project("{2150E333-8FDC-42A3-9474-1A3956D46DE8}") = "SPA", "SPA", "{B91C5392-0E8C-485C-A25C-FE9928F41985}"
EndProject
Project("{E24C65DC-7377-472B-9ABA-BC803B73C61A}") = "RichSPA", "http://localhost:50305", "{F5CFA348-5016-4359-AF07-803ED5282D8B}"
	ProjectSection(WebsiteProperties) = preProject
		UseIISExpress = "true"
		TargetFrameworkMoniker = ".NETFramework,Version%3Dv4.5"
		Debug.AspNetCompiler.VirtualPath = "/localhost_50305"
		Debug.AspNetCompiler.PhysicalPath = "RichSPA\"
		Debug.AspNetCompiler.TargetPath = "PrecompiledWeb\localhost_50305\"
		Debug.AspNetCompiler.Updateable = "true"
		Debug.AspNetCompiler.ForceOverwrite = "true"
		Debug.AspNetCompiler.FixedNames = "false"
		Debug.AspNetCompiler.Debug = "True"
		Release.AspNetCompiler.VirtualPath = "/localhost_50305"
		Release.AspNetCompiler.PhysicalPath = "RichSPA\"
		Release.AspNetCompiler.TargetPath = "PrecompiledWeb\localhost_50305\"
		Release.AspNetCompiler.Updateable = "true"
		Release.AspNetCompiler.ForceOverwrite = "true"
		Release.AspNetCompiler.FixedNames = "false"
		Release.AspNetCompiler.Debug = "False"
		SlnRelativePath = "RichSPA\"
		DefaultWebSiteLanguage = "Visual C#"
	EndProjectSection
EndProject
Project("{2150E333-8FDC-42A3-9474-1A3956D46DE8}") = "Order Services", "Order Services", "{7EF9FAA5-1D77-40BA-BF50-57A238CD4BB2}"
EndProject
Project("{FAE04EC0-301F-11D3-BF4B-00C04F79EFBC}") = "Aditi.Libraries.Services.Orders", "Aditi.Libraries.Services.Orders\Aditi.Libraries.Services.Orders.csproj", "{021AC519-B84D-46F6-977F-617F3623D5D3}"
EndProject
Global
	GlobalSection(SolutionConfigurationPlatforms) = preSolution
		Debug|Any CPU = Debug|Any CPU
		Release|Any CPU = Release|Any CPU
	EndGlobalSection
	GlobalSection(ProjectConfigurationPlatforms) = postSolution
		{EEA98980-E935-47F3-863A-751CCF18B140}.Debug|Any CPU.ActiveCfg = Debug|Any CPU
		{EEA98980-E935-47F3-863A-751CCF18B140}.Debug|Any CPU.Build.0 = Debug|Any CPU
		{EEA98980-E935-47F3-863A-751CCF18B140}.Release|Any CPU.ActiveCfg = Release|Any CPU
		{EEA98980-E935-47F3-863A-751CCF18B140}.Release|Any CPU.Build.0 = Release|Any CPU
		{2ECFEC7B-C2BF-4F25-A001-8603AA380999}.Debug|Any CPU.ActiveCfg = Debug|Any CPU
		{2ECFEC7B-C2BF-4F25-A001-8603AA380999}.Debug|Any CPU.Build.0 = Debug|Any CPU
		{2ECFEC7B-C2BF-4F25-A001-8603AA380999}.Release|Any CPU.ActiveCfg = Release|Any CPU
		{2ECFEC7B-C2BF-4F25-A001-8603AA380999}.Release|Any CPU.Build.0 = Release|Any CPU
		{29117925-DCB3-4774-ADD7-A44F11687E2A}.Debug|Any CPU.ActiveCfg = Debug|Any CPU
		{29117925-DCB3-4774-ADD7-A44F11687E2A}.Debug|Any CPU.Build.0 = Debug|Any CPU
		{29117925-DCB3-4774-ADD7-A44F11687E2A}.Release|Any CPU.ActiveCfg = Release|Any CPU
		{29117925-DCB3-4774-ADD7-A44F11687E2A}.Release|Any CPU.Build.0 = Release|Any CPU
		{32CBF753-F2DF-440B-913C-B726ECE777E0}.Debug|Any CPU.ActiveCfg = Debug|Any CPU
		{32CBF753-F2DF-440B-913C-B726ECE777E0}.Debug|Any CPU.Build.0 = Debug|Any CPU
		{32CBF753-F2DF-440B-913C-B726ECE777E0}.Release|Any CPU.ActiveCfg = Release|Any CPU
		{32CBF753-F2DF-440B-913C-B726ECE777E0}.Release|Any CPU.Build.0 = Release|Any CPU
		{D357D823-0379-46AF-9A87-5A551893ECC5}.Debug|Any CPU.ActiveCfg = Debug|Any CPU
		{D357D823-0379-46AF-9A87-5A551893ECC5}.Debug|Any CPU.Build.0 = Debug|Any CPU
		{D357D823-0379-46AF-9A87-5A551893ECC5}.Release|Any CPU.ActiveCfg = Release|Any CPU
		{D357D823-0379-46AF-9A87-5A551893ECC5}.Release|Any CPU.Build.0 = Release|Any CPU
		{8E8B001B-7F4D-4A55-903E-9048195FA6F8}.Debug|Any CPU.ActiveCfg = Debug|Any CPU
		{8E8B001B-7F4D-4A55-903E-9048195FA6F8}.Debug|Any CPU.Build.0 = Debug|Any CPU
		{8E8B001B-7F4D-4A55-903E-9048195FA6F8}.Release|Any CPU.ActiveCfg = Release|Any CPU
		{8E8B001B-7F4D-4A55-903E-9048195FA6F8}.Release|Any CPU.Build.0 = Release|Any CPU
		{F5802D89-0D10-4F39-BBCF-1D23ACA3B5D1}.Debug|Any CPU.ActiveCfg = Debug|Any CPU
		{F5802D89-0D10-4F39-BBCF-1D23ACA3B5D1}.Debug|Any CPU.Build.0 = Debug|Any CPU
		{F5802D89-0D10-4F39-BBCF-1D23ACA3B5D1}.Release|Any CPU.ActiveCfg = Release|Any CPU
		{F5802D89-0D10-4F39-BBCF-1D23ACA3B5D1}.Release|Any CPU.Build.0 = Release|Any CPU
		{D512B82C-3A3E-4F3E-BC82-4FF96686B70E}.Debug|Any CPU.ActiveCfg = Debug|Any CPU
		{D512B82C-3A3E-4F3E-BC82-4FF96686B70E}.Debug|Any CPU.Build.0 = Debug|Any CPU
		{D512B82C-3A3E-4F3E-BC82-4FF96686B70E}.Release|Any CPU.ActiveCfg = Release|Any CPU
		{D512B82C-3A3E-4F3E-BC82-4FF96686B70E}.Release|Any CPU.Build.0 = Release|Any CPU
		{982A1548-1098-44F4-8CC6-66546C72DDB4}.Debug|Any CPU.ActiveCfg = Debug|Any CPU
		{982A1548-1098-44F4-8CC6-66546C72DDB4}.Debug|Any CPU.Build.0 = Debug|Any CPU
		{982A1548-1098-44F4-8CC6-66546C72DDB4}.Release|Any CPU.ActiveCfg = Release|Any CPU
		{982A1548-1098-44F4-8CC6-66546C72DDB4}.Release|Any CPU.Build.0 = Release|Any CPU
		{F5B83CAA-3B58-4F70-AC5E-33016E160D0E}.Debug|Any CPU.ActiveCfg = Debug|Any CPU
		{F5B83CAA-3B58-4F70-AC5E-33016E160D0E}.Debug|Any CPU.Build.0 = Debug|Any CPU
		{F5B83CAA-3B58-4F70-AC5E-33016E160D0E}.Release|Any CPU.ActiveCfg = Release|Any CPU
		{F5B83CAA-3B58-4F70-AC5E-33016E160D0E}.Release|Any CPU.Build.0 = Release|Any CPU
		{01639539-B295-4149-BEA0-BB51A0F507DA}.Debug|Any CPU.ActiveCfg = Debug|Any CPU
		{01639539-B295-4149-BEA0-BB51A0F507DA}.Debug|Any CPU.Build.0 = Debug|Any CPU
		{01639539-B295-4149-BEA0-BB51A0F507DA}.Release|Any CPU.ActiveCfg = Debug|Any CPU
		{01639539-B295-4149-BEA0-BB51A0F507DA}.Release|Any CPU.Build.0 = Debug|Any CPU
		{D0463052-FEA1-4B4B-A157-B9D7D31D562A}.Debug|Any CPU.ActiveCfg = Debug|Any CPU
		{D0463052-FEA1-4B4B-A157-B9D7D31D562A}.Debug|Any CPU.Build.0 = Debug|Any CPU
		{D0463052-FEA1-4B4B-A157-B9D7D31D562A}.Release|Any CPU.ActiveCfg = Release|Any CPU
		{D0463052-FEA1-4B4B-A157-B9D7D31D562A}.Release|Any CPU.Build.0 = Release|Any CPU
		{1FA0FF2F-E772-47DA-BFF5-8076C7992CFE}.Debug|Any CPU.ActiveCfg = Debug|Any CPU
		{1FA0FF2F-E772-47DA-BFF5-8076C7992CFE}.Debug|Any CPU.Build.0 = Debug|Any CPU
		{1FA0FF2F-E772-47DA-BFF5-8076C7992CFE}.Release|Any CPU.ActiveCfg = Release|Any CPU
		{1FA0FF2F-E772-47DA-BFF5-8076C7992CFE}.Release|Any CPU.Build.0 = Release|Any CPU
		{B0E70ABD-6FC4-48A7-B642-E3B4AEAE7313}.Debug|Any CPU.ActiveCfg = Debug|Any CPU
		{B0E70ABD-6FC4-48A7-B642-E3B4AEAE7313}.Debug|Any CPU.Build.0 = Debug|Any CPU
		{B0E70ABD-6FC4-48A7-B642-E3B4AEAE7313}.Release|Any CPU.ActiveCfg = Release|Any CPU
		{B0E70ABD-6FC4-48A7-B642-E3B4AEAE7313}.Release|Any CPU.Build.0 = Release|Any CPU
		{76E8F5AA-C894-4C95-BFE7-973AE99EAD5F}.Debug|Any CPU.ActiveCfg = Debug|Any CPU
		{76E8F5AA-C894-4C95-BFE7-973AE99EAD5F}.Debug|Any CPU.Build.0 = Debug|Any CPU
		{76E8F5AA-C894-4C95-BFE7-973AE99EAD5F}.Release|Any CPU.ActiveCfg = Release|Any CPU
		{76E8F5AA-C894-4C95-BFE7-973AE99EAD5F}.Release|Any CPU.Build.0 = Release|Any CPU
		{34BEB9ED-57B4-4FCB-97A7-6F29346243F4}.Debug|Any CPU.ActiveCfg = Debug|Any CPU
		{34BEB9ED-57B4-4FCB-97A7-6F29346243F4}.Debug|Any CPU.Build.0 = Debug|Any CPU
		{34BEB9ED-57B4-4FCB-97A7-6F29346243F4}.Release|Any CPU.ActiveCfg = Release|Any CPU
		{34BEB9ED-57B4-4FCB-97A7-6F29346243F4}.Release|Any CPU.Build.0 = Release|Any CPU
		{B8870F73-80B6-421A-825C-CAD253332D77}.Debug|Any CPU.ActiveCfg = Debug|Any CPU
		{B8870F73-80B6-421A-825C-CAD253332D77}.Debug|Any CPU.Build.0 = Debug|Any CPU
		{B8870F73-80B6-421A-825C-CAD253332D77}.Release|Any CPU.ActiveCfg = Release|Any CPU
		{B8870F73-80B6-421A-825C-CAD253332D77}.Release|Any CPU.Build.0 = Release|Any CPU
		{F29FB554-E678-4545-A585-FF2D341740CC}.Debug|Any CPU.ActiveCfg = Debug|Any CPU
		{F29FB554-E678-4545-A585-FF2D341740CC}.Debug|Any CPU.Build.0 = Debug|Any CPU
		{F29FB554-E678-4545-A585-FF2D341740CC}.Release|Any CPU.ActiveCfg = Release|Any CPU
		{F29FB554-E678-4545-A585-FF2D341740CC}.Release|Any CPU.Build.0 = Release|Any CPU
		{7565C14B-521F-47A0-8039-3391D5D729FF}.Debug|Any CPU.ActiveCfg = Debug|Any CPU
		{7565C14B-521F-47A0-8039-3391D5D729FF}.Debug|Any CPU.Build.0 = Debug|Any CPU
		{7565C14B-521F-47A0-8039-3391D5D729FF}.Release|Any CPU.ActiveCfg = Release|Any CPU
		{7565C14B-521F-47A0-8039-3391D5D729FF}.Release|Any CPU.Build.0 = Release|Any CPU
		{D5E316F9-FAF7-4BE4-A2EF-C87BF7D93DD3}.Debug|Any CPU.ActiveCfg = Debug|Any CPU
		{D5E316F9-FAF7-4BE4-A2EF-C87BF7D93DD3}.Debug|Any CPU.Build.0 = Debug|Any CPU
		{D5E316F9-FAF7-4BE4-A2EF-C87BF7D93DD3}.Release|Any CPU.ActiveCfg = Release|Any CPU
		{D5E316F9-FAF7-4BE4-A2EF-C87BF7D93DD3}.Release|Any CPU.Build.0 = Release|Any CPU
		{C6986EAD-8F63-44B8-871C-B47AD28623E2}.Debug|Any CPU.ActiveCfg = Debug|Any CPU
		{C6986EAD-8F63-44B8-871C-B47AD28623E2}.Debug|Any CPU.Build.0 = Debug|Any CPU
		{C6986EAD-8F63-44B8-871C-B47AD28623E2}.Release|Any CPU.ActiveCfg = Release|Any CPU
		{C6986EAD-8F63-44B8-871C-B47AD28623E2}.Release|Any CPU.Build.0 = Release|Any CPU
		{512B2281-1850-440A-B9A1-A99BC78C7058}.Debug|Any CPU.ActiveCfg = Debug|Any CPU
		{512B2281-1850-440A-B9A1-A99BC78C7058}.Debug|Any CPU.Build.0 = Debug|Any CPU
		{512B2281-1850-440A-B9A1-A99BC78C7058}.Release|Any CPU.ActiveCfg = Debug|Any CPU
		{512B2281-1850-440A-B9A1-A99BC78C7058}.Release|Any CPU.Build.0 = Debug|Any CPU
		{00B7B933-E7D0-46F9-A8DF-FE5BCC4D82B2}.Debug|Any CPU.ActiveCfg = Debug|Any CPU
		{00B7B933-E7D0-46F9-A8DF-FE5BCC4D82B2}.Debug|Any CPU.Build.0 = Debug|Any CPU
		{00B7B933-E7D0-46F9-A8DF-FE5BCC4D82B2}.Release|Any CPU.ActiveCfg = Release|Any CPU
		{00B7B933-E7D0-46F9-A8DF-FE5BCC4D82B2}.Release|Any CPU.Build.0 = Release|Any CPU
		{165BC356-6D3B-4824-9335-EDD5669C2C43}.Debug|Any CPU.ActiveCfg = Debug|Any CPU
		{165BC356-6D3B-4824-9335-EDD5669C2C43}.Debug|Any CPU.Build.0 = Debug|Any CPU
		{165BC356-6D3B-4824-9335-EDD5669C2C43}.Release|Any CPU.ActiveCfg = Release|Any CPU
		{165BC356-6D3B-4824-9335-EDD5669C2C43}.Release|Any CPU.Build.0 = Release|Any CPU
		{6481FC79-ADE3-41DB-A13A-D852402A5F00}.Debug|Any CPU.ActiveCfg = Debug|Any CPU
		{6481FC79-ADE3-41DB-A13A-D852402A5F00}.Debug|Any CPU.Build.0 = Debug|Any CPU
		{6481FC79-ADE3-41DB-A13A-D852402A5F00}.Release|Any CPU.ActiveCfg = Release|Any CPU
		{6481FC79-ADE3-41DB-A13A-D852402A5F00}.Release|Any CPU.Build.0 = Release|Any CPU
		{6C5720E1-E1C6-40B4-B8A8-C4A1E0F6B895}.Debug|Any CPU.ActiveCfg = Debug|Any CPU
		{6C5720E1-E1C6-40B4-B8A8-C4A1E0F6B895}.Debug|Any CPU.Build.0 = Debug|Any CPU
		{6C5720E1-E1C6-40B4-B8A8-C4A1E0F6B895}.Release|Any CPU.ActiveCfg = Release|Any CPU
		{6C5720E1-E1C6-40B4-B8A8-C4A1E0F6B895}.Release|Any CPU.Build.0 = Release|Any CPU
		{F108AB44-AA06-474E-9B56-9EC72F42486B}.Debug|Any CPU.ActiveCfg = Debug|Any CPU
		{F108AB44-AA06-474E-9B56-9EC72F42486B}.Debug|Any CPU.Build.0 = Debug|Any CPU
		{F108AB44-AA06-474E-9B56-9EC72F42486B}.Release|Any CPU.ActiveCfg = Release|Any CPU
		{F108AB44-AA06-474E-9B56-9EC72F42486B}.Release|Any CPU.Build.0 = Release|Any CPU
		{1533416D-E37B-47A6-9AC5-12BD0D0766EF}.Debug|Any CPU.ActiveCfg = Debug|Any CPU
		{1533416D-E37B-47A6-9AC5-12BD0D0766EF}.Debug|Any CPU.Build.0 = Debug|Any CPU
		{1533416D-E37B-47A6-9AC5-12BD0D0766EF}.Release|Any CPU.ActiveCfg = Release|Any CPU
		{1533416D-E37B-47A6-9AC5-12BD0D0766EF}.Release|Any CPU.Build.0 = Release|Any CPU
		{EA61066B-156F-498D-A346-08DF587CD11E}.Debug|Any CPU.ActiveCfg = Debug|Any CPU
		{EA61066B-156F-498D-A346-08DF587CD11E}.Debug|Any CPU.Build.0 = Debug|Any CPU
		{EA61066B-156F-498D-A346-08DF587CD11E}.Release|Any CPU.ActiveCfg = Release|Any CPU
		{EA61066B-156F-498D-A346-08DF587CD11E}.Release|Any CPU.Build.0 = Release|Any CPU
		{B52C8725-5F48-4D47-A3B4-78B27A74EE52}.Debug|Any CPU.ActiveCfg = Debug|Any CPU
		{B52C8725-5F48-4D47-A3B4-78B27A74EE52}.Debug|Any CPU.Build.0 = Debug|Any CPU
		{B52C8725-5F48-4D47-A3B4-78B27A74EE52}.Release|Any CPU.ActiveCfg = Release|Any CPU
		{B52C8725-5F48-4D47-A3B4-78B27A74EE52}.Release|Any CPU.Build.0 = Release|Any CPU
		{BB63A0FA-1224-4B8E-8E22-284032BD3078}.Debug|Any CPU.ActiveCfg = Debug|Any CPU
		{BB63A0FA-1224-4B8E-8E22-284032BD3078}.Debug|Any CPU.Build.0 = Debug|Any CPU
		{BB63A0FA-1224-4B8E-8E22-284032BD3078}.Release|Any CPU.ActiveCfg = Release|Any CPU
		{BB63A0FA-1224-4B8E-8E22-284032BD3078}.Release|Any CPU.Build.0 = Release|Any CPU
		{F5CFA348-5016-4359-AF07-803ED5282D8B}.Debug|Any CPU.ActiveCfg = Debug|Any CPU
		{F5CFA348-5016-4359-AF07-803ED5282D8B}.Debug|Any CPU.Build.0 = Debug|Any CPU
		{F5CFA348-5016-4359-AF07-803ED5282D8B}.Release|Any CPU.ActiveCfg = Debug|Any CPU
		{F5CFA348-5016-4359-AF07-803ED5282D8B}.Release|Any CPU.Build.0 = Debug|Any CPU
		{021AC519-B84D-46F6-977F-617F3623D5D3}.Debug|Any CPU.ActiveCfg = Debug|Any CPU
		{021AC519-B84D-46F6-977F-617F3623D5D3}.Debug|Any CPU.Build.0 = Debug|Any CPU
		{021AC519-B84D-46F6-977F-617F3623D5D3}.Release|Any CPU.ActiveCfg = Release|Any CPU
		{021AC519-B84D-46F6-977F-617F3623D5D3}.Release|Any CPU.Build.0 = Release|Any CPU
	EndGlobalSection
	GlobalSection(SolutionProperties) = preSolution
		HideSolutionNode = FALSE
	EndGlobalSection
	GlobalSection(NestedProjects) = preSolution
		{E0E17B47-EEE8-4B04-A2BE-D6D9C9CDBFD4} = {60822A3B-7583-41F6-A326-B8212787F729}
		{EE304AF2-6862-4AA2-85B5-341874651B53} = {60822A3B-7583-41F6-A326-B8212787F729}
		{90813817-DBDE-4CAF-8F86-F0E6C4DA8527} = {60822A3B-7583-41F6-A326-B8212787F729}
		{AED005B7-0067-4DD6-981F-C11071FE0315} = {E0E17B47-EEE8-4B04-A2BE-D6D9C9CDBFD4}
		{59225BD9-AE43-40D7-B1B4-DBDD01F149FA} = {EE304AF2-6862-4AA2-85B5-341874651B53}
		{F08B21B0-559C-4D0D-9A49-23540ED69E4F} = {90813817-DBDE-4CAF-8F86-F0E6C4DA8527}
		{07213AA9-AA9B-43F6-AEC3-73C797BD3ED6} = {8FF37F6E-A05F-4D05-B714-61C75F986AE3}
		{525660FD-1CC6-477B-9383-4208C22D0CF9} = {07213AA9-AA9B-43F6-AEC3-73C797BD3ED6}
		{08046E18-A671-4525-A0EF-D09690059795} = {AED005B7-0067-4DD6-981F-C11071FE0315}
		{69C203C6-740E-4CE2-AFE9-E8A1934F8571} = {AED005B7-0067-4DD6-981F-C11071FE0315}
		{A2DB0C14-4310-429A-B6E4-49B3452B5377} = {08046E18-A671-4525-A0EF-D09690059795}
		{3CBE4CC6-2083-4DA6-8CD8-2BDCD4F06623} = {08046E18-A671-4525-A0EF-D09690059795}
		{1F401852-0A0A-4390-A30C-3F4065954DA4} = {69C203C6-740E-4CE2-AFE9-E8A1934F8571}
		{0633AB3B-4D75-4EF8-94E3-5690B73E1B99} = {69C203C6-740E-4CE2-AFE9-E8A1934F8571}
		{F67D745F-AC28-4E4D-9A25-FA1FDD5523C7} = {59225BD9-AE43-40D7-B1B4-DBDD01F149FA}
		{077A7585-75B5-46DF-8D8D-56EC96706D4F} = {59225BD9-AE43-40D7-B1B4-DBDD01F149FA}
		{A3A9036E-6459-4E5E-94EA-8BAF3334392B} = {20F06DBF-67DA-4BE2-8C68-3528611B810A}
		{E5967CCF-F9C0-4869-92B7-10F259FF6E5E} = {A3A9036E-6459-4E5E-94EA-8BAF3334392B}
		{54EB34A2-23D8-4537-81E3-5E76190E001F} = {A3A9036E-6459-4E5E-94EA-8BAF3334392B}
		{EB6FDFBB-C5CB-4D4B-8DF6-2EF73980CEF6} = {A3A9036E-6459-4E5E-94EA-8BAF3334392B}
		{3A42E9A5-0804-4851-8AB3-DCD185A0E22D} = {F08B21B0-559C-4D0D-9A49-23540ED69E4F}
		{AB3B38BE-19D4-4854-98BB-9DD01D8F27F1} = {F08B21B0-559C-4D0D-9A49-23540ED69E4F}
		{1853E6C5-DA26-43F3-A47D-7D18DE0904AF} = {20F06DBF-67DA-4BE2-8C68-3528611B810A}
		{7AD52328-343B-4253-A84B-8D4054B927E7} = {1853E6C5-DA26-43F3-A47D-7D18DE0904AF}
		{D3DA56F2-8C6D-469C-B376-73EC2A8DA03E} = {1853E6C5-DA26-43F3-A47D-7D18DE0904AF}
		{27238900-43C8-451D-9108-6FEFF67545C1} = {525660FD-1CC6-477B-9383-4208C22D0CF9}
		{57B69F2F-8E04-45AF-92E2-05A45E6B0405} = {525660FD-1CC6-477B-9383-4208C22D0CF9}
		{D706BA5B-1FDC-4CE3-B95A-63BE9F908372} = {F08B21B0-559C-4D0D-9A49-23540ED69E4F}
		{1ABD7132-719B-4CB1-B463-FAD9CBFC61B4} = {525660FD-1CC6-477B-9383-4208C22D0CF9}
		{EEA98980-E935-47F3-863A-751CCF18B140} = {E5967CCF-F9C0-4869-92B7-10F259FF6E5E}
		{2ECFEC7B-C2BF-4F25-A001-8603AA380999} = {A2DB0C14-4310-429A-B6E4-49B3452B5377}
		{29117925-DCB3-4774-ADD7-A44F11687E2A} = {3CBE4CC6-2083-4DA6-8CD8-2BDCD4F06623}
		{32CBF753-F2DF-440B-913C-B726ECE777E0} = {1F401852-0A0A-4390-A30C-3F4065954DA4}
		{D357D823-0379-46AF-9A87-5A551893ECC5} = {0633AB3B-4D75-4EF8-94E3-5690B73E1B99}
		{8E8B001B-7F4D-4A55-903E-9048195FA6F8} = {54EB34A2-23D8-4537-81E3-5E76190E001F}
		{F5802D89-0D10-4F39-BBCF-1D23ACA3B5D1} = {F67D745F-AC28-4E4D-9A25-FA1FDD5523C7}
		{D512B82C-3A3E-4F3E-BC82-4FF96686B70E} = {077A7585-75B5-46DF-8D8D-56EC96706D4F}
		{982A1548-1098-44F4-8CC6-66546C72DDB4} = {EB6FDFBB-C5CB-4D4B-8DF6-2EF73980CEF6}
		{F5B83CAA-3B58-4F70-AC5E-33016E160D0E} = {3A42E9A5-0804-4851-8AB3-DCD185A0E22D}
		{01639539-B295-4149-BEA0-BB51A0F507DA} = {AB3B38BE-19D4-4854-98BB-9DD01D8F27F1}
		{D0463052-FEA1-4B4B-A157-B9D7D31D562A} = {7AD52328-343B-4253-A84B-8D4054B927E7}
		{1FA0FF2F-E772-47DA-BFF5-8076C7992CFE} = {D3DA56F2-8C6D-469C-B376-73EC2A8DA03E}
		{B0E70ABD-6FC4-48A7-B642-E3B4AEAE7313} = {D706BA5B-1FDC-4CE3-B95A-63BE9F908372}
		{76E8F5AA-C894-4C95-BFE7-973AE99EAD5F} = {57B69F2F-8E04-45AF-92E2-05A45E6B0405}
		{4CBF3572-2282-424F-BD38-3A7411F7561A} = {57B69F2F-8E04-45AF-92E2-05A45E6B0405}
		{34BEB9ED-57B4-4FCB-97A7-6F29346243F4} = {4CBF3572-2282-424F-BD38-3A7411F7561A}
		{B8870F73-80B6-421A-825C-CAD253332D77} = {27238900-43C8-451D-9108-6FEFF67545C1}
		{9028DAB4-AE8A-4209-BEF4-48AA9D85223A} = {27238900-43C8-451D-9108-6FEFF67545C1}
		{F29FB554-E678-4545-A585-FF2D341740CC} = {9028DAB4-AE8A-4209-BEF4-48AA9D85223A}
		{7565C14B-521F-47A0-8039-3391D5D729FF} = {1ABD7132-719B-4CB1-B463-FAD9CBFC61B4}
		{2F2BC5F6-E1B9-416E-8473-975B201054B8} = {525660FD-1CC6-477B-9383-4208C22D0CF9}
		{569D6DB8-7975-4008-97CA-CBE919B5578C} = {525660FD-1CC6-477B-9383-4208C22D0CF9}
		{D5E316F9-FAF7-4BE4-A2EF-C87BF7D93DD3} = {2F2BC5F6-E1B9-416E-8473-975B201054B8}
		{C6986EAD-8F63-44B8-871C-B47AD28623E2} = {569D6DB8-7975-4008-97CA-CBE919B5578C}
		{512B2281-1850-440A-B9A1-A99BC78C7058} = {AB3B38BE-19D4-4854-98BB-9DD01D8F27F1}
		{D5CADADB-635D-4636-83FB-371250734E19} = {F08B21B0-559C-4D0D-9A49-23540ED69E4F}
		{3E5B9B17-7DF5-4404-A1BD-5727176B0E14} = {D5CADADB-635D-4636-83FB-371250734E19}
		{3E0102A7-9D15-4BF5-8D6F-0237E781B995} = {D5CADADB-635D-4636-83FB-371250734E19}
		{00B7B933-E7D0-46F9-A8DF-FE5BCC4D82B2} = {3E5B9B17-7DF5-4404-A1BD-5727176B0E14}
		{165BC356-6D3B-4824-9335-EDD5669C2C43} = {3E0102A7-9D15-4BF5-8D6F-0237E781B995}
		{0930776D-A4A0-4FA7-AD4B-DC832A990C58} = {525660FD-1CC6-477B-9383-4208C22D0CF9}
		{6481FC79-ADE3-41DB-A13A-D852402A5F00} = {0930776D-A4A0-4FA7-AD4B-DC832A990C58}
		{85F3FBE8-521E-4D2D-902C-A59935136980} = {525660FD-1CC6-477B-9383-4208C22D0CF9}
		{6C5720E1-E1C6-40B4-B8A8-C4A1E0F6B895} = {85F3FBE8-521E-4D2D-902C-A59935136980}
		{297843D7-78B2-4228-B8A0-AB69EEB15AB4} = {525660FD-1CC6-477B-9383-4208C22D0CF9}
		{F108AB44-AA06-474E-9B56-9EC72F42486B} = {297843D7-78B2-4228-B8A0-AB69EEB15AB4}
		{1533416D-E37B-47A6-9AC5-12BD0D0766EF} = {297843D7-78B2-4228-B8A0-AB69EEB15AB4}
		{EA61066B-156F-498D-A346-08DF587CD11E} = {D387CF43-2919-417D-92AC-027C65F7CB46}
		{D387CF43-2919-417D-92AC-027C65F7CB46} = {525660FD-1CC6-477B-9383-4208C22D0CF9}
		{A5EC9AEE-4684-41FE-B896-553166B9F00C} = {D387CF43-2919-417D-92AC-027C65F7CB46}
		{BAD5018D-EA91-43CB-8137-B6F35C2A7277} = {A5EC9AEE-4684-41FE-B896-553166B9F00C}
		{B52C8725-5F48-4D47-A3B4-78B27A74EE52} = {BAD5018D-EA91-43CB-8137-B6F35C2A7277}
		{B980D306-8D06-42B2-A310-43B46BF3BDFE} = {D387CF43-2919-417D-92AC-027C65F7CB46}
		{BB63A0FA-1224-4B8E-8E22-284032BD3078} = {B980D306-8D06-42B2-A310-43B46BF3BDFE}
		{B91C5392-0E8C-485C-A25C-FE9928F41985} = {525660FD-1CC6-477B-9383-4208C22D0CF9}
		{F5CFA348-5016-4359-AF07-803ED5282D8B} = {B91C5392-0E8C-485C-A25C-FE9928F41985}
		{7EF9FAA5-1D77-40BA-BF50-57A238CD4BB2} = {D387CF43-2919-417D-92AC-027C65F7CB46}
		{021AC519-B84D-46F6-977F-617F3623D5D3} = {7EF9FAA5-1D77-40BA-BF50-57A238CD4BB2}
	EndGlobalSection
EndGlobal
